
Microsoft Visual Studio Solution File, Format Version 12.00
# Visual Studio Version 17
VisualStudioVersion = 17.0.31903.59
MinimumVisualStudioVersion = 10.0.40219.1
Project("{FAE04EC0-301F-11D3-BF4B-00C04F79EFBC}") = "API", "API\API.csproj", "{4C4D7E96-7634-4B63-90E3-961E7C514E23}"
EndProject
Project("{FAE04EC0-301F-11D3-BF4B-00C04F79EFBC}") = "Application", "Application\Application.csproj", "{F95123C1-59E8-4F6C-9B11-B351FE9EC6A9}"
EndProject
Project("{FAE04EC0-301F-11D3-BF4B-00C04F79EFBC}") = "Domain", "Domain\Domain.csproj", "{CA4D46EA-D198-4704-BCF0-5BE8ACD59869}"
EndProject
Project("{FAE04EC0-301F-11D3-BF4B-00C04F79EFBC}") = "Persistence", "Persistence\Persistence.csproj", "{16345CB0-9681-4E45-9B56-387A1082E13F}"
EndProject
Global
	GlobalSection(SolutionConfigurationPlatforms) = preSolution
		Debug|Any CPU = Debug|Any CPU
		Debug|x64 = Debug|x64
		Debug|x86 = Debug|x86
		Release|Any CPU = Release|Any CPU
		Release|x64 = Release|x64
		Release|x86 = Release|x86
	EndGlobalSection
	GlobalSection(ProjectConfigurationPlatforms) = postSolution
		{4C4D7E96-7634-4B63-90E3-961E7C514E23}.Debug|Any CPU.ActiveCfg = Debug|Any CPU
		{4C4D7E96-7634-4B63-90E3-961E7C514E23}.Debug|Any CPU.Build.0 = Debug|Any CPU
		{4C4D7E96-7634-4B63-90E3-961E7C514E23}.Debug|x64.ActiveCfg = Debug|Any CPU
		{4C4D7E96-7634-4B63-90E3-961E7C514E23}.Debug|x64.Build.0 = Debug|Any CPU
		{4C4D7E96-7634-4B63-90E3-961E7C514E23}.Debug|x86.ActiveCfg = Debug|Any CPU
		{4C4D7E96-7634-4B63-90E3-961E7C514E23}.Debug|x86.Build.0 = Debug|Any CPU
		{4C4D7E96-7634-4B63-90E3-961E7C514E23}.Release|Any CPU.ActiveCfg = Release|Any CPU
		{4C4D7E96-7634-4B63-90E3-961E7C514E23}.Release|Any CPU.Build.0 = Release|Any CPU
		{4C4D7E96-7634-4B63-90E3-961E7C514E23}.Release|x64.ActiveCfg = Release|Any CPU
		{4C4D7E96-7634-4B63-90E3-961E7C514E23}.Release|x64.Build.0 = Release|Any CPU
		{4C4D7E96-7634-4B63-90E3-961E7C514E23}.Release|x86.ActiveCfg = Release|Any CPU
		{4C4D7E96-7634-4B63-90E3-961E7C514E23}.Release|x86.Build.0 = Release|Any CPU
		{F95123C1-59E8-4F6C-9B11-B351FE9EC6A9}.Debug|Any CPU.ActiveCfg = Debug|Any CPU
		{F95123C1-59E8-4F6C-9B11-B351FE9EC6A9}.Debug|Any CPU.Build.0 = Debug|Any CPU
		{F95123C1-59E8-4F6C-9B11-B351FE9EC6A9}.Debug|x64.ActiveCfg = Debug|Any CPU
		{F95123C1-59E8-4F6C-9B11-B351FE9EC6A9}.Debug|x64.Build.0 = Debug|Any CPU
		{F95123C1-59E8-4F6C-9B11-B351FE9EC6A9}.Debug|x86.ActiveCfg = Debug|Any CPU
		{F95123C1-59E8-4F6C-9B11-B351FE9EC6A9}.Debug|x86.Build.0 = Debug|Any CPU
		{F95123C1-59E8-4F6C-9B11-B351FE9EC6A9}.Release|Any CPU.ActiveCfg = Release|Any CPU
		{F95123C1-59E8-4F6C-9B11-B351FE9EC6A9}.Release|Any CPU.Build.0 = Release|Any CPU
		{F95123C1-59E8-4F6C-9B11-B351FE9EC6A9}.Release|x64.ActiveCfg = Release|Any CPU
		{F95123C1-59E8-4F6C-9B11-B351FE9EC6A9}.Release|x64.Build.0 = Release|Any CPU
		{F95123C1-59E8-4F6C-9B11-B351FE9EC6A9}.Release|x86.ActiveCfg = Release|Any CPU
		{F95123C1-59E8-4F6C-9B11-B351FE9EC6A9}.Release|x86.Build.0 = Release|Any CPU
		{CA4D46EA-D198-4704-BCF0-5BE8ACD59869}.Debug|Any CPU.ActiveCfg = Debug|Any CPU
		{CA4D46EA-D198-4704-BCF0-5BE8ACD59869}.Debug|Any CPU.Build.0 = Debug|Any CPU
		{CA4D46EA-D198-4704-BCF0-5BE8ACD59869}.Debug|x64.ActiveCfg = Debug|Any CPU
		{CA4D46EA-D198-4704-BCF0-5BE8ACD59869}.Debug|x64.Build.0 = Debug|Any CPU
		{CA4D46EA-D198-4704-BCF0-5BE8ACD59869}.Debug|x86.ActiveCfg = Debug|Any CPU
		{CA4D46EA-D198-4704-BCF0-5BE8ACD59869}.Debug|x86.Build.0 = Debug|Any CPU
		{CA4D46EA-D198-4704-BCF0-5BE8ACD59869}.Release|Any CPU.ActiveCfg = Release|Any CPU
		{CA4D46EA-D198-4704-BCF0-5BE8ACD59869}.Release|Any CPU.Build.0 = Release|Any CPU
		{CA4D46EA-D198-4704-BCF0-5BE8ACD59869}.Release|x64.ActiveCfg = Release|Any CPU
		{CA4D46EA-D198-4704-BCF0-5BE8ACD59869}.Release|x64.Build.0 = Release|Any CPU
		{CA4D46EA-D198-4704-BCF0-5BE8ACD59869}.Release|x86.ActiveCfg = Release|Any CPU
		{CA4D46EA-D198-4704-BCF0-5BE8ACD59869}.Release|x86.Build.0 = Release|Any CPU
		{16345CB0-9681-4E45-9B56-387A1082E13F}.Debug|Any CPU.ActiveCfg = Debug|Any CPU
		{16345CB0-9681-4E45-9B56-387A1082E13F}.Debug|Any CPU.Build.0 = Debug|Any CPU
		{16345CB0-9681-4E45-9B56-387A1082E13F}.Debug|x64.ActiveCfg = Debug|Any CPU
		{16345CB0-9681-4E45-9B56-387A1082E13F}.Debug|x64.Build.0 = Debug|Any CPU
		{16345CB0-9681-4E45-9B56-387A1082E13F}.Debug|x86.ActiveCfg = Debug|Any CPU
		{16345CB0-9681-4E45-9B56-387A1082E13F}.Debug|x86.Build.0 = Debug|Any CPU
		{16345CB0-9681-4E45-9B56-387A1082E13F}.Release|Any CPU.ActiveCfg = Release|Any CPU
		{16345CB0-9681-4E45-9B56-387A1082E13F}.Release|Any CPU.Build.0 = Release|Any CPU
		{16345CB0-9681-4E45-9B56-387A1082E13F}.Release|x64.ActiveCfg = Release|Any CPU
		{16345CB0-9681-4E45-9B56-387A1082E13F}.Release|x64.Build.0 = Release|Any CPU
		{16345CB0-9681-4E45-9B56-387A1082E13F}.Release|x86.ActiveCfg = Release|Any CPU
		{16345CB0-9681-4E45-9B56-387A1082E13F}.Release|x86.Build.0 = Release|Any CPU
	EndGlobalSection
	GlobalSection(SolutionProperties) = preSolution
		HideSolutionNode = FALSE
	EndGlobalSection
EndGlobal
